
Microsoft Visual Studio Solution File, Format Version 12.00
# Visual Studio Version 17
VisualStudioVersion = 17.9.34714.143
MinimumVisualStudioVersion = 10.0.40219.1
Project("{FAE04EC0-301F-11D3-BF4B-00C04F79EFBC}") = "GestaoEstudantes", "GestaoEstudantes\GestaoEstudantes.csproj", "{19548320-35BF-4B1E-BBF5-E0446AE11BF3}"
EndProject
Global
	GlobalSection(SolutionConfigurationPlatforms) = preSolution
		Debug|Any CPU = Debug|Any CPU
		Release|Any CPU = Release|Any CPU
	EndGlobalSection
	GlobalSection(ProjectConfigurationPlatforms) = postSolution
		{19548320-35BF-4B1E-BBF5-E0446AE11BF3}.Debug|Any CPU.ActiveCfg = Debug|Any CPU
		{19548320-35BF-4B1E-BBF5-E0446AE11BF3}.Debug|Any CPU.Build.0 = Debug|Any CPU
		{19548320-35BF-4B1E-BBF5-E0446AE11BF3}.Release|Any CPU.ActiveCfg = Release|Any CPU
		{19548320-35BF-4B1E-BBF5-E0446AE11BF3}.Release|Any CPU.Build.0 = Release|Any CPU
	EndGlobalSection
	GlobalSection(SolutionProperties) = preSolution
		HideSolutionNode = FALSE
	EndGlobalSection
	GlobalSection(ExtensibilityGlobals) = postSolution
		SolutionGuid = {FBED3084-359F-42E7-97EF-AFDD63F52CCE}
	EndGlobalSection
EndGlobal
